
Microsoft Visual Studio Solution File, Format Version 12.00
# Visual Studio Version 17
VisualStudioVersion = 17.3.32929.385
MinimumVisualStudioVersion = 10.0.40219.1
Project("{9A19103F-16F7-4668-BE54-9A1E7A4F7556}") = "Keycloak.ASPNet.Angular.Api", "Keycloak.ASPNet.Angular.Api\Keycloak.ASPNet.Angular.Api.csproj", "{F7E4F5C8-EE6F-46C5-AFF6-8534A8FD44EA}"
EndProject
Global
	GlobalSection(SolutionConfigurationPlatforms) = preSolution
		Debug|Any CPU = Debug|Any CPU
		Release|Any CPU = Release|Any CPU
	EndGlobalSection
	GlobalSection(ProjectConfigurationPlatforms) = postSolution
		{F7E4F5C8-EE6F-46C5-AFF6-8534A8FD44EA}.Debug|Any CPU.ActiveCfg = Debug|Any CPU
		{F7E4F5C8-EE6F-46C5-AFF6-8534A8FD44EA}.Debug|Any CPU.Build.0 = Debug|Any CPU
		{F7E4F5C8-EE6F-46C5-AFF6-8534A8FD44EA}.Release|Any CPU.ActiveCfg = Release|Any CPU
		{F7E4F5C8-EE6F-46C5-AFF6-8534A8FD44EA}.Release|Any CPU.Build.0 = Release|Any CPU
	EndGlobalSection
	GlobalSection(SolutionProperties) = preSolution
		HideSolutionNode = FALSE
	EndGlobalSection
	GlobalSection(ExtensibilityGlobals) = postSolution
		SolutionGuid = {30CC078A-9E6C-4C38-8A60-71D64ECAA6E0}
	EndGlobalSection
EndGlobal
